github.com/MakeNowJust/heredoc/v2 v2.0.1 h1:rlCHh70XXXv7toz95ajQWOWQnN4WNLt0TdpZYIR/J6A=
github.com/MakeNowJust/heredoc/v2 v2.0.1/go.mod h1:6/2Abh5s+hc3g9nbWLe9ObDIOhaRrqsyY9MWy+4JdRM=
github.com/alecthomas/kong v0.8.0 h1:ryDCzutfIqJPnNn0omnrgHLbAggDQM2VWHikE1xqK7s=
github.com/alecthomas/kong v0.8.0/go.mod h1:n1iCIO2xS46oE8ZfYCNDqdR0b0wZNrXAIAqro/2132U=
github.com/bmatcuk/doublestar/v4 v4.6.0 h1:HTuxyug8GyFbRkrffIpzNCSK4luc0TY3wzXvzIZhEXc=
github.com/bmatcuk/doublestar/v4 v4.6.0/go.mod h1:xBQ8jztBU6kakFMg+8WGxn0c6z1fTSPVIjEY1Wr7jzc=
github.com/sashabaranov/go-openai v1.15.3 h1:rzoNK9n+Cak+PM6OQ9puxDmFllxfnVea9StlmhglXqA=
github.com/sashabaranov/go-openai v1.15.3/go.mod h1:lj5b/K+zjTSFxVLijLSTDZuP7adOgerWeFyZLUhAKRg=
